// !$*UTF8*$!
{
	archiveVersion = 1;
	classes = {
	};
	objectVersion = 55;
	objects = {

/* Begin PBXBuildFile section */
		BF127C2A288EF3F100849D38 /* GSGamePlay.swift in Sources */ = {isa = PBXBuildFile; fileRef = BF127C29288EF3F100849D38 /* GSGamePlay.swift */; };
		BF127C2E288F31D300849D38 /* magic.sks in Resources */ = {isa = PBXBuildFile; fileRef = BF127C2D288F31D300849D38 /* magic.sks */; };
		BF28A30F289DD47E0053A3C7 /* ButtonStyles.swift in Sources */ = {isa = PBXBuildFile; fileRef = BF28A30E289DD47E0053A3C7 /* ButtonStyles.swift */; };
		BF28A311289E15D80053A3C7 /* GSEndScreen.swift in Sources */ = {isa = PBXBuildFile; fileRef = BF28A310289E15D80053A3C7 /* GSEndScreen.swift */; };
		BF28A314289E16E10053A3C7 /* GSBeginGame.swift in Sources */ = {isa = PBXBuildFile; fileRef = BF28A313289E16E10053A3C7 /* GSBeginGame.swift */; };
		BF28A316289EC8630053A3C7 /* GSPaused.swift in Sources */ = {isa = PBXBuildFile; fileRef = BF28A315289EC8630053A3C7 /* GSPaused.swift */; };
		BF2FA27A2881C86500C62C1C /* sprites.atlas in Resources */ = {isa = PBXBuildFile; fileRef = BF2FA2792881C86500C62C1C /* sprites.atlas */; };
		BF2FA2842881E6F600C62C1C /* spark.sks in Resources */ = {isa = PBXBuildFile; fileRef = BF2FA2832881E6F600C62C1C /* spark.sks */; };
		BF5FB4EE2798F00A003570B9 /* CatNinjaApp.swift in Sources */ = {isa = PBXBuildFile; fileRef = BF5FB4ED2798F00A003570B9 /* CatNinjaApp.swift */; };
		BF5FB4F02798F00A003570B9 /* ContentView.swift in Sources */ = {isa = PBXBuildFile; fileRef = BF5FB4EF2798F00A003570B9 /* ContentView.swift */; };
		BF5FB4F22798F00B003570B9 /* Assets.xcassets in Resources */ = {isa = PBXBuildFile; fileRef = BF5FB4F12798F00B003570B9 /* Assets.xcassets */; };
		BF5FB4F52798F00B003570B9 /* Preview Assets.xcassets in Resources */ = {isa = PBXBuildFile; fileRef = BF5FB4F42798F00B003570B9 /* Preview Assets.xcassets */; };
		BF5FB4FC2798F067003570B9 /* GameSceneView.swift in Sources */ = {isa = PBXBuildFile; fileRef = BF5FB4FB2798F067003570B9 /* GameSceneView.swift */; };
		BF5FB5002798F7FB003570B9 /* GameScene.sks in Resources */ = {isa = PBXBuildFile; fileRef = BF5FB4FF2798F7FB003570B9 /* GameScene.sks */; };
		BF6099DA289D911D0026F3FE /* game_over.wav in Resources */ = {isa = PBXBuildFile; fileRef = BF6099D9289D911D0026F3FE /* game_over.wav */; };
		BF6099DF289D9BDE0026F3FE /* sprite_destroyed.m4a in Resources */ = {isa = PBXBuildFile; fileRef = BF6099DC289D91820026F3FE /* sprite_destroyed.m4a */; };
		BF73113327A22BF4003AFAA3 /* GameScene.swift in Sources */ = {isa = PBXBuildFile; fileRef = BF73113227A22BF4003AFAA3 /* GameScene.swift */; };
		BF739A4028B2A6FE00F8E879 /* water_droplets.sks in Resources */ = {isa = PBXBuildFile; fileRef = BF739A3E28B2A6FE00F8E879 /* water_droplets.sks */; };
		BF739A4128B2A6FE00F8E879 /* Assets.xcassets in Resources */ = {isa = PBXBuildFile; fileRef = BF739A3F28B2A6FE00F8E879 /* Assets.xcassets */; };
		BF739A4328B2ADED00F8E879 /* rain.sks in Resources */ = {isa = PBXBuildFile; fileRef = BF739A4228B2ADED00F8E879 /* rain.sks */; };
		BF739A5B28B2C0B600F8E879 /* meow1.m4a in Resources */ = {isa = PBXBuildFile; fileRef = BF739A5A28B2C0B600F8E879 /* meow1.m4a */; };
		BF739A5D28B2C10F00F8E879 /* meow2.m4a in Resources */ = {isa = PBXBuildFile; fileRef = BF739A5C28B2C10F00F8E879 /* meow2.m4a */; };
		BF739A5F28B2C17300F8E879 /* splash.m4a in Resources */ = {isa = PBXBuildFile; fileRef = BF739A5E28B2C17300F8E879 /* splash.m4a */; };
		BF739A6128B2C1D700F8E879 /* toy1.m4a in Resources */ = {isa = PBXBuildFile; fileRef = BF739A6028B2C1D700F8E879 /* toy1.m4a */; };
		BF739A6328B2C23400F8E879 /* toy2.m4a in Resources */ = {isa = PBXBuildFile; fileRef = BF739A6228B2C23400F8E879 /* toy2.m4a */; };
		BF739A6528B2C27F00F8E879 /* yowl.m4a in Resources */ = {isa = PBXBuildFile; fileRef = BF739A6428B2C27F00F8E879 /* yowl.m4a */; };
		BFA583442882171F009E7FB7 /* GSCreateUIElements.swift in Sources */ = {isa = PBXBuildFile; fileRef = BFA583432882171F009E7FB7 /* GSCreateUIElements.swift */; };
		BFDD978E28A6FA7D002C699E /* README.md in Resources */ = {isa = PBXBuildFile; fileRef = BFDD978D28A6FA7D002C699E /* README.md */; };
		BFE45EBA27B85BF200600F56 /* GSCreateSpriteNodes.swift in Sources */ = {isa = PBXBuildFile; fileRef = BFE45EB927B85BF200600F56 /* GSCreateSpriteNodes.swift */; };
/* End PBXBuildFile section */

/* Begin PBXFileReference section */
		BF127C29288EF3F100849D38 /* GSGamePlay.swift */ = {isa = PBXFileReference; lastKnownFileType = sourcecode.swift; path = GSGamePlay.swift; sourceTree = "<group>"; };
		BF127C2D288F31D300849D38 /* magic.sks */ = {isa = PBXFileReference; lastKnownFileType = file.sks; path = magic.sks; sourceTree = "<group>"; };
		BF28A30E289DD47E0053A3C7 /* ButtonStyles.swift */ = {isa = PBXFileReference; lastKnownFileType = sourcecode.swift; path = ButtonStyles.swift; sourceTree = "<group>"; };
		BF28A310289E15D80053A3C7 /* GSEndScreen.swift */ = {isa = PBXFileReference; lastKnownFileType = sourcecode.swift; path = GSEndScreen.swift; sourceTree = "<group>"; };
		BF28A313289E16E10053A3C7 /* GSBeginGame.swift */ = {isa = PBXFileReference; lastKnownFileType = sourcecode.swift; path = GSBeginGame.swift; sourceTree = "<group>"; };
		BF28A315289EC8630053A3C7 /* GSPaused.swift */ = {isa = PBXFileReference; lastKnownFileType = sourcecode.swift; path = GSPaused.swift; sourceTree = "<group>"; };
		BF2FA2792881C86500C62C1C /* sprites.atlas */ = {isa = PBXFileReference; lastKnownFileType = folder.skatlas; path = sprites.atlas; sourceTree = "<group>"; };
		BF2FA2832881E6F600C62C1C /* spark.sks */ = {isa = PBXFileReference; lastKnownFileType = file.sks; path = spark.sks; sourceTree = "<group>"; };
		BF5FB4EA2798F00A003570B9 /* CatNinja.app */ = {isa = PBXFileReference; explicitFileType = wrapper.application; includeInIndex = 0; path = CatNinja.app; sourceTree = BUILT_PRODUCTS_DIR; };
		BF5FB4ED2798F00A003570B9 /* CatNinjaApp.swift */ = {isa = PBXFileReference; lastKnownFileType = sourcecode.swift; path = CatNinjaApp.swift; sourceTree = "<group>"; };
		BF5FB4EF2798F00A003570B9 /* ContentView.swift */ = {isa = PBXFileReference; lastKnownFileType = sourcecode.swift; path = ContentView.swift; sourceTree = "<group>"; };
		BF5FB4F12798F00B003570B9 /* Assets.xcassets */ = {isa = PBXFileReference; lastKnownFileType = folder.assetcatalog; path = Assets.xcassets; sourceTree = "<group>"; };
		BF5FB4F42798F00B003570B9 /* Preview Assets.xcassets */ = {isa = PBXFileReference; lastKnownFileType = folder.assetcatalog; path = "Preview Assets.xcassets"; sourceTree = "<group>"; };
		BF5FB4FB2798F067003570B9 /* GameSceneView.swift */ = {isa = PBXFileReference; lastKnownFileType = sourcecode.swift; path = GameSceneView.swift; sourceTree = "<group>"; };
		BF5FB4FF2798F7FB003570B9 /* GameScene.sks */ = {isa = PBXFileReference; lastKnownFileType = file.sks; path = GameScene.sks; sourceTree = "<group>"; };
		BF6099D9289D911D0026F3FE /* game_over.wav */ = {isa = PBXFileReference; lastKnownFileType = audio.wav; path = game_over.wav; sourceTree = "<group>"; };
		BF6099DC289D91820026F3FE /* sprite_destroyed.m4a */ = {isa = PBXFileReference; lastKnownFileType = file; path = sprite_destroyed.m4a; sourceTree = "<group>"; };
		BF73113227A22BF4003AFAA3 /* GameScene.swift */ = {isa = PBXFileReference; lastKnownFileType = sourcecode.swift; path = GameScene.swift; sourceTree = "<group>"; };
		BF739A3E28B2A6FE00F8E879 /* water_droplets.sks */ = {isa = PBXFileReference; lastKnownFileType = file.sks; path = water_droplets.sks; sourceTree = "<group>"; };
		BF739A3F28B2A6FE00F8E879 /* Assets.xcassets */ = {isa = PBXFileReference; lastKnownFileType = folder.assetcatalog; path = Assets.xcassets; sourceTree = "<group>"; };
		BF739A4228B2ADED00F8E879 /* rain.sks */ = {isa = PBXFileReference; lastKnownFileType = file.sks; path = rain.sks; sourceTree = "<group>"; };
		BF739A5A28B2C0B600F8E879 /* meow1.m4a */ = {isa = PBXFileReference; lastKnownFileType = file; path = meow1.m4a; sourceTree = "<group>"; };
		BF739A5C28B2C10F00F8E879 /* meow2.m4a */ = {isa = PBXFileReference; lastKnownFileType = file; path = meow2.m4a; sourceTree = "<group>"; };
		BF739A5E28B2C17300F8E879 /* splash.m4a */ = {isa = PBXFileReference; lastKnownFileType = file; path = splash.m4a; sourceTree = "<group>"; };
		BF739A6028B2C1D700F8E879 /* toy1.m4a */ = {isa = PBXFileReference; lastKnownFileType = file; path = toy1.m4a; sourceTree = "<group>"; };
		BF739A6228B2C23400F8E879 /* toy2.m4a */ = {isa = PBXFileReference; lastKnownFileType = file; path = toy2.m4a; sourceTree = "<group>"; };
		BF739A6428B2C27F00F8E879 /* yowl.m4a */ = {isa = PBXFileReference; lastKnownFileType = file; path = yowl.m4a; sourceTree = "<group>"; };
		BFA583432882171F009E7FB7 /* GSCreateUIElements.swift */ = {isa = PBXFileReference; lastKnownFileType = sourcecode.swift; path = GSCreateUIElements.swift; sourceTree = "<group>"; };
		BFDD978D28A6FA7D002C699E /* README.md */ = {isa = PBXFileReference; lastKnownFileType = net.daringfireball.markdown; path = README.md; sourceTree = "<group>"; };
		BFE45EB927B85BF200600F56 /* GSCreateSpriteNodes.swift */ = {isa = PBXFileReference; lastKnownFileType = sourcecode.swift; path = GSCreateSpriteNodes.swift; sourceTree = "<group>"; };
/* End PBXFileReference section */

/* Begin PBXFrameworksBuildPhase section */
		BF5FB4E72798F00A003570B9 /* Frameworks */ = {
			isa = PBXFrameworksBuildPhase;
			buildActionMask = 2147483647;
			files = (
			);
			runOnlyForDeploymentPostprocessing = 0;
		};
/* End PBXFrameworksBuildPhase section */

/* Begin PBXGroup section */
		BF28A312289E162F0053A3C7 /* GameScene */ = {
			isa = PBXGroup;
			children = (
				BFE45EB927B85BF200600F56 /* GSCreateSpriteNodes.swift */,
				BF5FB4FF2798F7FB003570B9 /* GameScene.sks */,
				BF73113227A22BF4003AFAA3 /* GameScene.swift */,
				BF28A315289EC8630053A3C7 /* GSPaused.swift */,
				BF28A313289E16E10053A3C7 /* GSBeginGame.swift */,
				BFA583432882171F009E7FB7 /* GSCreateUIElements.swift */,
				BF127C29288EF3F100849D38 /* GSGamePlay.swift */,
				BF28A310289E15D80053A3C7 /* GSEndScreen.swift */,
			);
			path = GameScene;
			sourceTree = "<group>";
		};
		BF5FB4E12798F009003570B9 = {
			isa = PBXGroup;
			children = (
				BFDD978D28A6FA7D002C699E /* README.md */,
				BF5FB4EC2798F00A003570B9 /* CatNinja */,
				BF5FB4EB2798F00A003570B9 /* Products */,
			);
			sourceTree = "<group>";
		};
		BF5FB4EB2798F00A003570B9 /* Products */ = {
			isa = PBXGroup;
			children = (
				BF5FB4EA2798F00A003570B9 /* CatNinja.app */,
			);
			name = Products;
			sourceTree = "<group>";
		};
		BF5FB4EC2798F00A003570B9 /* CatNinja */ = {
			isa = PBXGroup;
			children = (
				BF6099D6289D90FF0026F3FE /* SoundEffects */,
				BF2FA2792881C86500C62C1C /* sprites.atlas */,
				BF5FB4ED2798F00A003570B9 /* CatNinjaApp.swift */,
				BF5FB4EF2798F00A003570B9 /* ContentView.swift */,
				BF5FB4F12798F00B003570B9 /* Assets.xcassets */,
				BF5FB4F32798F00B003570B9 /* Preview Content */,
				BF5FB4FB2798F067003570B9 /* GameSceneView.swift */,
				BF28A30E289DD47E0053A3C7 /* ButtonStyles.swift */,
				BF28A312289E162F0053A3C7 /* GameScene */,
				BFFA523728904A27002D3C45 /* ParticleEffects */,
			);
			path = CatNinja;
			sourceTree = "<group>";
		};
		BF5FB4F32798F00B003570B9 /* Preview Content */ = {
			isa = PBXGroup;
			children = (
				BF5FB4F42798F00B003570B9 /* Preview Assets.xcassets */,
			);
			path = "Preview Content";
			sourceTree = "<group>";
		};
		BF6099D6289D90FF0026F3FE /* SoundEffects */ = {
			isa = PBXGroup;
			children = (
				BF6099D9289D911D0026F3FE /* game_over.wav */,
				BF6099DC289D91820026F3FE /* sprite_destroyed.m4a */,
				BF739A5E28B2C17300F8E879 /* splash.m4a */,
				BF739A5A28B2C0B600F8E879 /* meow1.m4a */,
				BF739A5C28B2C10F00F8E879 /* meow2.m4a */,
				BF739A6428B2C27F00F8E879 /* yowl.m4a */,
				BF739A6028B2C1D700F8E879 /* toy1.m4a */,
				BF739A6228B2C23400F8E879 /* toy2.m4a */,
			);
			path = SoundEffects;
			sourceTree = "<group>";
		};
		BFFA523728904A27002D3C45 /* ParticleEffects */ = {
			isa = PBXGroup;
			children = (
				BF127C2D288F31D300849D38 /* magic.sks */,
				BF2FA2832881E6F600C62C1C /* spark.sks */,
				BF739A3E28B2A6FE00F8E879 /* water_droplets.sks */,
				BF739A4228B2ADED00F8E879 /* rain.sks */,
				BF739A3F28B2A6FE00F8E879 /* Assets.xcassets */,
			);
			path = ParticleEffects;
			sourceTree = "<group>";
		};
/* End PBXGroup section */

/* Begin PBXNativeTarget section */
		BF5FB4E92798F00A003570B9 /* CatNinja */ = {
			isa = PBXNativeTarget;
			buildConfigurationList = BF5FB4F82798F00B003570B9 /* Build configuration list for PBXNativeTarget "CatNinja" */;
			buildPhases = (
				BF5FB4E62798F00A003570B9 /* Sources */,
				BF5FB4E72798F00A003570B9 /* Frameworks */,
				BF5FB4E82798F00A003570B9 /* Resources */,
			);
			buildRules = (
			);
			dependencies = (
			);
			name = CatNinja;
			productName = CatNinja;
			productReference = BF5FB4EA2798F00A003570B9 /* CatNinja.app */;
			productType = "com.apple.product-type.application";
		};
/* End PBXNativeTarget section */

/* Begin PBXProject section */
		BF5FB4E22798F009003570B9 /* Project object */ = {
			isa = PBXProject;
			attributes = {
				BuildIndependentTargetsInParallel = 1;
				LastSwiftUpdateCheck = 1300;
				LastUpgradeCheck = 1300;
				TargetAttributes = {
					BF5FB4E92798F00A003570B9 = {
						CreatedOnToolsVersion = 13.0;
					};
				};
			};
			buildConfigurationList = BF5FB4E52798F009003570B9 /* Build configuration list for PBXProject "CatNinja" */;
			compatibilityVersion = "Xcode 13.0";
			developmentRegion = en;
			hasScannedForEncodings = 0;
			knownRegions = (
				en,
				Base,
			);
			mainGroup = BF5FB4E12798F009003570B9;
			productRefGroup = BF5FB4EB2798F00A003570B9 /* Products */;
			projectDirPath = "";
			projectRoot = "";
			targets = (
				BF5FB4E92798F00A003570B9 /* CatNinja */,
			);
		};
/* End PBXProject section */

/* Begin PBXResourcesBuildPhase section */
		BF5FB4E82798F00A003570B9 /* Resources */ = {
			isa = PBXResourcesBuildPhase;
			buildActionMask = 2147483647;
			files = (
				BF739A5B28B2C0B600F8E879 /* meow1.m4a in Resources */,
				BF739A6528B2C27F00F8E879 /* yowl.m4a in Resources */,
				BF6099DF289D9BDE0026F3FE /* sprite_destroyed.m4a in Resources */,
				BF127C2E288F31D300849D38 /* magic.sks in Resources */,
				BF5FB4F52798F00B003570B9 /* Preview Assets.xcassets in Resources */,
				BF6099DA289D911D0026F3FE /* game_over.wav in Resources */,
				BF739A6128B2C1D700F8E879 /* toy1.m4a in Resources */,
				BF739A6328B2C23400F8E879 /* toy2.m4a in Resources */,
				BF739A4128B2A6FE00F8E879 /* Assets.xcassets in Resources */,
				BF739A4328B2ADED00F8E879 /* rain.sks in Resources */,
				BF739A5D28B2C10F00F8E879 /* meow2.m4a in Resources */,
				BF739A5F28B2C17300F8E879 /* splash.m4a in Resources */,
				BF2FA2842881E6F600C62C1C /* spark.sks in Resources */,
				BF5FB5002798F7FB003570B9 /* GameScene.sks in Resources */,
				BF739A4028B2A6FE00F8E879 /* water_droplets.sks in Resources */,
				BF2FA27A2881C86500C62C1C /* sprites.atlas in Resources */,
				BFDD978E28A6FA7D002C699E /* README.md in Resources */,
				BF5FB4F22798F00B003570B9 /* Assets.xcassets in Resources */,
			);
			runOnlyForDeploymentPostprocessing = 0;
		};
/* End PBXResourcesBuildPhase section */

/* Begin PBXSourcesBuildPhase section */
		BF5FB4E62798F00A003570B9 /* Sources */ = {
			isa = PBXSourcesBuildPhase;
			buildActionMask = 2147483647;
			files = (
				BFE45EBA27B85BF200600F56 /* GSCreateSpriteNodes.swift in Sources */,
				BF5FB4F02798F00A003570B9 /* ContentView.swift in Sources */,
				BF28A314289E16E10053A3C7 /* GSBeginGame.swift in Sources */,
				BFA583442882171F009E7FB7 /* GSCreateUIElements.swift in Sources */,
				BF28A316289EC8630053A3C7 /* GSPaused.swift in Sources */,
				BF127C2A288EF3F100849D38 /* GSGamePlay.swift in Sources */,
				BF5FB4FC2798F067003570B9 /* GameSceneView.swift in Sources */,
				BF28A30F289DD47E0053A3C7 /* ButtonStyles.swift in Sources */,
				BF73113327A22BF4003AFAA3 /* GameScene.swift in Sources */,
				BF28A311289E15D80053A3C7 /* GSEndScreen.swift in Sources */,
				BF5FB4EE2798F00A003570B9 /* CatNinjaApp.swift in Sources */,
			);
			runOnlyForDeploymentPostprocessing = 0;
		};
/* End PBXSourcesBuildPhase section */

/* Begin XCBuildConfiguration section */
		BF5FB4F62798F00B003570B9 /* Debug */ = {
			isa = XCBuildConfiguration;
			buildSettings = {
				ALWAYS_SEARCH_USER_PATHS = NO;
				CLANG_ANALYZER_NONNULL = YES;
				CLANG_ANALYZER_NUMBER_OBJECT_CONVERSION = YES_AGGRESSIVE;
				CLANG_CXX_LANGUAGE_STANDARD = "gnu++17";
				CLANG_CXX_LIBRARY = "libc++";
				CLANG_ENABLE_MODULES = YES;
				CLANG_ENABLE_OBJC_ARC = YES;
				CLANG_ENABLE_OBJC_WEAK = YES;
				CLANG_WARN_BLOCK_CAPTURE_AUTORELEASING = YES;
				CLANG_WARN_BOOL_CONVERSION = YES;
				CLANG_WARN_COMMA = YES;
				CLANG_WARN_CONSTANT_CONVERSION = YES;
				CLANG_WARN_DEPRECATED_OBJC_IMPLEMENTATIONS = YES;
				CLANG_WARN_DIRECT_OBJC_ISA_USAGE = YES_ERROR;
				CLANG_WARN_DOCUMENTATION_COMMENTS = YES;
				CLANG_WARN_EMPTY_BODY = YES;
				CLANG_WARN_ENUM_CONVERSION = YES;
				CLANG_WARN_INFINITE_RECURSION = YES;
				CLANG_WARN_INT_CONVERSION = YES;
				CLANG_WARN_NON_LITERAL_NULL_CONVERSION = YES;
				CLANG_WARN_OBJC_IMPLICIT_RETAIN_SELF = YES;
				CLANG_WARN_OBJC_LITERAL_CONVERSION = YES;
				CLANG_WARN_OBJC_ROOT_CLASS = YES_ERROR;
				CLANG_WARN_QUOTED_INCLUDE_IN_FRAMEWORK_HEADER = YES;
				CLANG_WARN_RANGE_LOOP_ANALYSIS = YES;
				CLANG_WARN_STRICT_PROTOTYPES = YES;
				CLANG_WARN_SUSPICIOUS_MOVE = YES;
				CLANG_WARN_UNGUARDED_AVAILABILITY = YES_AGGRESSIVE;
				CLANG_WARN_UNREACHABLE_CODE = YES;
				CLANG_WARN__DUPLICATE_METHOD_MATCH = YES;
				COPY_PHASE_STRIP = NO;
				DEBUG_INFORMATION_FORMAT = dwarf;
				ENABLE_STRICT_OBJC_MSGSEND = YES;
				ENABLE_TESTABILITY = YES;
				GCC_C_LANGUAGE_STANDARD = gnu11;
				GCC_DYNAMIC_NO_PIC = NO;
				GCC_NO_COMMON_BLOCKS = YES;
				GCC_OPTIMIZATION_LEVEL = 0;
				GCC_PREPROCESSOR_DEFINITIONS = (
					"DEBUG=1",
					"$(inherited)",
				);
				GCC_WARN_64_TO_32_BIT_CONVERSION = YES;
				GCC_WARN_ABOUT_RETURN_TYPE = YES_ERROR;
				GCC_WARN_UNDECLARED_SELECTOR = YES;
				GCC_WARN_UNINITIALIZED_AUTOS = YES_AGGRESSIVE;
				GCC_WARN_UNUSED_FUNCTION = YES;
				GCC_WARN_UNUSED_VARIABLE = YES;
				IPHONEOS_DEPLOYMENT_TARGET = 15.0;
				MTL_ENABLE_DEBUG_INFO = INCLUDE_SOURCE;
				MTL_FAST_MATH = YES;
				ONLY_ACTIVE_ARCH = YES;
				SDKROOT = iphoneos;
				SWIFT_ACTIVE_COMPILATION_CONDITIONS = DEBUG;
				SWIFT_OPTIMIZATION_LEVEL = "-Onone";
			};
			name = Debug;
		};
		BF5FB4F72798F00B003570B9 /* Release */ = {
			isa = XCBuildConfiguration;
			buildSettings = {
				ALWAYS_SEARCH_USER_PATHS = NO;
				CLANG_ANALYZER_NONNULL = YES;
				CLANG_ANALYZER_NUMBER_OBJECT_CONVERSION = YES_AGGRESSIVE;
				CLANG_CXX_LANGUAGE_STANDARD = "gnu++17";
				CLANG_CXX_LIBRARY = "libc++";
				CLANG_ENABLE_MODULES = YES;
				CLANG_ENABLE_OBJC_ARC = YES;
				CLANG_ENABLE_OBJC_WEAK = YES;
				CLANG_WARN_BLOCK_CAPTURE_AUTORELEASING = YES;
				CLANG_WARN_BOOL_CONVERSION = YES;
				CLANG_WARN_COMMA = YES;
				CLANG_WARN_CONSTANT_CONVERSION = YES;
				CLANG_WARN_DEPRECATED_OBJC_IMPLEMENTATIONS = YES;
				CLANG_WARN_DIRECT_OBJC_ISA_USAGE = YES_ERROR;
				CLANG_WARN_DOCUMENTATION_COMMENTS = YES;
				CLANG_WARN_EMPTY_BODY = YES;
				CLANG_WARN_ENUM_CONVERSION = YES;
				CLANG_WARN_INFINITE_RECURSION = YES;
				CLANG_WARN_INT_CONVERSION = YES;
				CLANG_WARN_NON_LITERAL_NULL_CONVERSION = YES;
				CLANG_WARN_OBJC_IMPLICIT_RETAIN_SELF = YES;
				CLANG_WARN_OBJC_LITERAL_CONVERSION = YES;
				CLANG_WARN_OBJC_ROOT_CLASS = YES_ERROR;
				CLANG_WARN_QUOTED_INCLUDE_IN_FRAMEWORK_HEADER = YES;
				CLANG_WARN_RANGE_LOOP_ANALYSIS = YES;
				CLANG_WARN_STRICT_PROTOTYPES = YES;
				CLANG_WARN_SUSPICIOUS_MOVE = YES;
				CLANG_WARN_UNGUARDED_AVAILABILITY = YES_AGGRESSIVE;
				CLANG_WARN_UNREACHABLE_CODE = YES;
				CLANG_WARN__DUPLICATE_METHOD_MATCH = YES;
				COPY_PHASE_STRIP = NO;
				DEBUG_INFORMATION_FORMAT = "dwarf-with-dsym";
				ENABLE_NS_ASSERTIONS = NO;
				ENABLE_STRICT_OBJC_MSGSEND = YES;
				GCC_C_LANGUAGE_STANDARD = gnu11;
				GCC_NO_COMMON_BLOCKS = YES;
				GCC_WARN_64_TO_32_BIT_CONVERSION = YES;
				GCC_WARN_ABOUT_RETURN_TYPE = YES_ERROR;
				GCC_WARN_UNDECLARED_SELECTOR = YES;
				GCC_WARN_UNINITIALIZED_AUTOS = YES_AGGRESSIVE;
				GCC_WARN_UNUSED_FUNCTION = YES;
				GCC_WARN_UNUSED_VARIABLE = YES;
				IPHONEOS_DEPLOYMENT_TARGET = 15.0;
				MTL_ENABLE_DEBUG_INFO = NO;
				MTL_FAST_MATH = YES;
				SDKROOT = iphoneos;
				SWIFT_COMPILATION_MODE = wholemodule;
				SWIFT_OPTIMIZATION_LEVEL = "-O";
				VALIDATE_PRODUCT = YES;
			};
			name = Release;
		};
		BF5FB4F92798F00B003570B9 /* Debug */ = {
			isa = XCBuildConfiguration;
			buildSettings = {
				ASSETCATALOG_COMPILER_APPICON_NAME = AppIcon;
				ASSETCATALOG_COMPILER_GLOBAL_ACCENT_COLOR_NAME = AccentColor;
				CODE_SIGN_STYLE = Automatic;
				CURRENT_PROJECT_VERSION = 1;
				DEVELOPMENT_ASSET_PATHS = "\"CatNinja/Preview Content\"";
				DEVELOPMENT_TEAM = KY7654Q8SW;
				ENABLE_PREVIEWS = YES;
				GENERATE_INFOPLIST_FILE = YES;
				INFOPLIST_KEY_UIApplicationSceneManifest_Generation = YES;
				INFOPLIST_KEY_UIApplicationSupportsIndirectInputEvents = YES;
				INFOPLIST_KEY_UILaunchScreen_Generation = YES;
				INFOPLIST_KEY_UIRequiresFullScreen = YES;
				INFOPLIST_KEY_UISupportedInterfaceOrientations_iPad = "UIInterfaceOrientationPortrait UIInterfaceOrientationPortraitUpsideDown";
				INFOPLIST_KEY_UISupportedInterfaceOrientations_iPhone = UIInterfaceOrientationPortrait;
				IPHONEOS_DEPLOYMENT_TARGET = 15.0;
				LD_RUNPATH_SEARCH_PATHS = (
					"$(inherited)",
					"@executable_path/Frameworks",
				);
				MARKETING_VERSION = 1.0;
				PRODUCT_BUNDLE_IDENTIFIER = helenhuang569.CatNinja;
				PRODUCT_NAME = "$(TARGET_NAME)";
				RUN_DOCUMENTATION_COMPILER = NO;
				SWIFT_EMIT_LOC_STRINGS = YES;
				SWIFT_VERSION = 5.0;
				TARGETED_DEVICE_FAMILY = "1,2";
			};
			name = Debug;
		};
		BF5FB4FA2798F00B003570B9 /* Release */ = {
			isa = XCBuildConfiguration;
			buildSettings = {
				ASSETCATALOG_COMPILER_APPICON_NAME = AppIcon;
				ASSETCATALOG_COMPILER_GLOBAL_ACCENT_COLOR_NAME = AccentColor;
				CODE_SIGN_STYLE = Automatic;
				CURRENT_PROJECT_VERSION = 1;
				DEVELOPMENT_ASSET_PATHS = "\"CatNinja/Preview Content\"";
				DEVELOPMENT_TEAM = KY7654Q8SW;
				ENABLE_PREVIEWS = YES;
				GENERATE_INFOPLIST_FILE = YES;
				INFOPLIST_KEY_UIApplicationSceneManifest_Generation = YES;
				INFOPLIST_KEY_UIApplicationSupportsIndirectInputEvents = YES;
				INFOPLIST_KEY_UILaunchScreen_Generation = YES;
				INFOPLIST_KEY_UIRequiresFullScreen = YES;
				INFOPLIST_KEY_UISupportedInterfaceOrientations_iPad = "UIInterfaceOrientationPortrait UIInterfaceOrientationPortraitUpsideDown";
				INFOPLIST_KEY_UISupportedInterfaceOrientations_iPhone = UIInterfaceOrientationPortrait;
				IPHONEOS_DEPLOYMENT_TARGET = 15.0;
				LD_RUNPATH_SEARCH_PATHS = (
					"$(inherited)",
					"@executable_path/Frameworks",
				);
				MARKETING_VERSION = 1.0;
				PRODUCT_BUNDLE_IDENTIFIER = helenhuang569.CatNinja;
				PRODUCT_NAME = "$(TARGET_NAME)";
				RUN_DOCUMENTATION_COMPILER = NO;
				SWIFT_EMIT_LOC_STRINGS = YES;
				SWIFT_VERSION = 5.0;
				TARGETED_DEVICE_FAMILY = "1,2";
			};
			name = Release;
		};
/* End XCBuildConfiguration section */

/* Begin XCConfigurationList section */
		BF5FB4E52798F009003570B9 /* Build configuration list for PBXProject "CatNinja" */ = {
			isa = XCConfigurationList;
			buildConfigurations = (
				BF5FB4F62798F00B003570B9 /* Debug */,
				BF5FB4F72798F00B003570B9 /* Release */,
			);
			defaultConfigurationIsVisible = 0;
			defaultConfigurationName = Release;
		};
		BF5FB4F82798F00B003570B9 /* Build configuration list for PBXNativeTarget "CatNinja" */ = {
			isa = XCConfigurationList;
			buildConfigurations = (
				BF5FB4F92798F00B003570B9 /* Debug */,
				BF5FB4FA2798F00B003570B9 /* Release */,
			);
			defaultConfigurationIsVisible = 0;
			defaultConfigurationName = Release;
		};
/* End XCConfigurationList section */
	};
	rootObject = BF5FB4E22798F009003570B9 /* Project object */;
}
